
Microsoft Visual Studio Solution File, Format Version 12.00
# Visual Studio Version 17
VisualStudioVersion = 17.5.33516.290
MinimumVisualStudioVersion = 10.0.40219.1
Project("{FAE04EC0-301F-11D3-BF4B-00C04F79EFBC}") = "Multiton", "Multiton.csproj", "{373380F4-836A-4FA8-85E8-63FF2928BBDA}"
EndProject
Global
	GlobalSection(SolutionConfigurationPlatforms) = preSolution
		Debug|Any CPU = Debug|Any CPU
		Release|Any CPU = Release|Any CPU
	EndGlobalSection
	GlobalSection(ProjectConfigurationPlatforms) = postSolution
		{373380F4-836A-4FA8-85E8-63FF2928BBDA}.Debug|Any CPU.ActiveCfg = Debug|Any CPU
		{373380F4-836A-4FA8-85E8-63FF2928BBDA}.Debug|Any CPU.Build.0 = Debug|Any CPU
		{373380F4-836A-4FA8-85E8-63FF2928BBDA}.Release|Any CPU.ActiveCfg = Release|Any CPU
		{373380F4-836A-4FA8-85E8-63FF2928BBDA}.Release|Any CPU.Build.0 = Release|Any CPU
	EndGlobalSection
	GlobalSection(SolutionProperties) = preSolution
		HideSolutionNode = FALSE
	EndGlobalSection
	GlobalSection(ExtensibilityGlobals) = postSolution
		SolutionGuid = {E725FDF3-ED37-4725-999B-8C4AC1CBF8C9}
	EndGlobalSection
EndGlobal
