
Microsoft Visual Studio Solution File, Format Version 12.00
# Visual Studio Version 17
VisualStudioVersion = 17.5.33516.290
MinimumVisualStudioVersion = 10.0.40219.1
Project("{FAE04EC0-301F-11D3-BF4B-00C04F79EFBC}") = "Singleton", "Singleton.csproj", "{5E742B1D-0A15-4D33-94CB-779E1FFA1079}"
EndProject
Project("{FAE04EC0-301F-11D3-BF4B-00C04F79EFBC}") = "Thread Safe Singleton", "..\Thread Safe Singleton\Thread Safe Singleton.csproj", "{C2466E4A-30E7-4506-8D07-CC53908F5DA1}"
EndProject
Project("{FAE04EC0-301F-11D3-BF4B-00C04F79EFBC}") = "Factory Method", "..\Factory Method\Factory Method.csproj", "{3CE2D36D-1A94-493B-A23A-B2819521B91E}"
EndProject
Project("{FAE04EC0-301F-11D3-BF4B-00C04F79EFBC}") = "Abstract Factory", "..\Abstract Factory\Abstract Factory.csproj", "{B04B5DC3-3787-4FFA-BAB3-C0960BD860AA}"
EndProject
Global
	GlobalSection(SolutionConfigurationPlatforms) = preSolution
		Debug|Any CPU = Debug|Any CPU
		Release|Any CPU = Release|Any CPU
	EndGlobalSection
	GlobalSection(ProjectConfigurationPlatforms) = postSolution
		{5E742B1D-0A15-4D33-94CB-779E1FFA1079}.Debug|Any CPU.ActiveCfg = Debug|Any CPU
		{5E742B1D-0A15-4D33-94CB-779E1FFA1079}.Debug|Any CPU.Build.0 = Debug|Any CPU
		{5E742B1D-0A15-4D33-94CB-779E1FFA1079}.Release|Any CPU.ActiveCfg = Release|Any CPU
		{5E742B1D-0A15-4D33-94CB-779E1FFA1079}.Release|Any CPU.Build.0 = Release|Any CPU
		{C2466E4A-30E7-4506-8D07-CC53908F5DA1}.Debug|Any CPU.ActiveCfg = Debug|Any CPU
		{C2466E4A-30E7-4506-8D07-CC53908F5DA1}.Debug|Any CPU.Build.0 = Debug|Any CPU
		{C2466E4A-30E7-4506-8D07-CC53908F5DA1}.Release|Any CPU.ActiveCfg = Release|Any CPU
		{C2466E4A-30E7-4506-8D07-CC53908F5DA1}.Release|Any CPU.Build.0 = Release|Any CPU
		{3CE2D36D-1A94-493B-A23A-B2819521B91E}.Debug|Any CPU.ActiveCfg = Debug|Any CPU
		{3CE2D36D-1A94-493B-A23A-B2819521B91E}.Debug|Any CPU.Build.0 = Debug|Any CPU
		{3CE2D36D-1A94-493B-A23A-B2819521B91E}.Release|Any CPU.ActiveCfg = Release|Any CPU
		{3CE2D36D-1A94-493B-A23A-B2819521B91E}.Release|Any CPU.Build.0 = Release|Any CPU
		{B04B5DC3-3787-4FFA-BAB3-C0960BD860AA}.Debug|Any CPU.ActiveCfg = Debug|Any CPU
		{B04B5DC3-3787-4FFA-BAB3-C0960BD860AA}.Debug|Any CPU.Build.0 = Debug|Any CPU
		{B04B5DC3-3787-4FFA-BAB3-C0960BD860AA}.Release|Any CPU.ActiveCfg = Release|Any CPU
		{B04B5DC3-3787-4FFA-BAB3-C0960BD860AA}.Release|Any CPU.Build.0 = Release|Any CPU
	EndGlobalSection
	GlobalSection(SolutionProperties) = preSolution
		HideSolutionNode = FALSE
	EndGlobalSection
	GlobalSection(ExtensibilityGlobals) = postSolution
		SolutionGuid = {4021F2A6-5B5B-4D91-BCF9-48DBA3399350}
	EndGlobalSection
EndGlobal
