
Microsoft Visual Studio Solution File, Format Version 12.00
# Visual Studio Version 17
VisualStudioVersion = 17.5.33516.290
MinimumVisualStudioVersion = 10.0.40219.1
Project("{FAE04EC0-301F-11D3-BF4B-00C04F79EFBC}") = "Builder", "Builder.csproj", "{E8656BEA-34B9-4B35-A6E2-879D57753A18}"
EndProject
Project("{FAE04EC0-301F-11D3-BF4B-00C04F79EFBC}") = "Prototype", "..\Prototype\Prototype.csproj", "{288BB5A5-4B66-4C79-83A4-EDF8F03B146F}"
EndProject
Global
	GlobalSection(SolutionConfigurationPlatforms) = preSolution
		Debug|Any CPU = Debug|Any CPU
		Release|Any CPU = Release|Any CPU
	EndGlobalSection
	GlobalSection(ProjectConfigurationPlatforms) = postSolution
		{E8656BEA-34B9-4B35-A6E2-879D57753A18}.Debug|Any CPU.ActiveCfg = Debug|Any CPU
		{E8656BEA-34B9-4B35-A6E2-879D57753A18}.Debug|Any CPU.Build.0 = Debug|Any CPU
		{E8656BEA-34B9-4B35-A6E2-879D57753A18}.Release|Any CPU.ActiveCfg = Release|Any CPU
		{E8656BEA-34B9-4B35-A6E2-879D57753A18}.Release|Any CPU.Build.0 = Release|Any CPU
		{288BB5A5-4B66-4C79-83A4-EDF8F03B146F}.Debug|Any CPU.ActiveCfg = Debug|Any CPU
		{288BB5A5-4B66-4C79-83A4-EDF8F03B146F}.Debug|Any CPU.Build.0 = Debug|Any CPU
		{288BB5A5-4B66-4C79-83A4-EDF8F03B146F}.Release|Any CPU.ActiveCfg = Release|Any CPU
		{288BB5A5-4B66-4C79-83A4-EDF8F03B146F}.Release|Any CPU.Build.0 = Release|Any CPU
	EndGlobalSection
	GlobalSection(SolutionProperties) = preSolution
		HideSolutionNode = FALSE
	EndGlobalSection
	GlobalSection(ExtensibilityGlobals) = postSolution
		SolutionGuid = {76854C25-28BB-41F1-8C0F-6C54A5D02E5B}
	EndGlobalSection
EndGlobal
